apiVersion: vendir.k14s.io/v1alpha1
directories:
- contents:
  - git:
      commitTitle: Add version 0.12.1
      sha: c96cbd0038b7322b7c928450139222910fa9c8e2
    path: .
  path: metallb
- contents:
  - git:
      commitTitle: Init project
      sha: adfff3321d479b6eaa47c5b0ef20c5c2adc61cd1
    path: .
  path: kube-vip
- contents:
  - git:
      commitTitle: Init project
      sha: ee76a8098c7435352249faeacea6ef45b3a10f0d
    path: .
  path: tekton
kind: LockConfig
